
Microsoft Visual Studio Solution File, Format Version 12.00
Project("{FAE04EC0-301F-11D3-BF4B-00C04F79EFBC}") = "sharp_zadania", "sharp_zadania\sharp_zadania.csproj", "{A7C2631E-C773-4855-BD57-09D02E11B8C1}"
EndProject
Global
	GlobalSection(SolutionConfigurationPlatforms) = preSolution
		Debug|Any CPU = Debug|Any CPU
		Release|Any CPU = Release|Any CPU
	EndGlobalSection
	GlobalSection(ProjectConfigurationPlatforms) = postSolution
		{A7C2631E-C773-4855-BD57-09D02E11B8C1}.Debug|Any CPU.ActiveCfg = Debug|Any CPU
		{A7C2631E-C773-4855-BD57-09D02E11B8C1}.Debug|Any CPU.Build.0 = Debug|Any CPU
		{A7C2631E-C773-4855-BD57-09D02E11B8C1}.Release|Any CPU.ActiveCfg = Release|Any CPU
		{A7C2631E-C773-4855-BD57-09D02E11B8C1}.Release|Any CPU.Build.0 = Release|Any CPU
	EndGlobalSection
EndGlobal
